
Microsoft Visual Studio Solution File, Format Version 12.00
# Visual Studio 2013
VisualStudioVersion = 12.0.31101.0
MinimumVisualStudioVersion = 10.0.40219.1
Project("{F2A71F9B-5D33-465A-A702-920D77279786}") = "OFuncLib", "src\OFuncLib.fsproj", "{6EBCD670-04E4-4A7D-A75F-95A12CEDB323}"
EndProject
Project("{F2A71F9B-5D33-465A-A702-920D77279786}") = "OFuncLib.Test", "test\OFuncLib.Test.fsproj", "{135D9CCE-1066-4514-A669-1353B8E4D632}"
EndProject
Global
	GlobalSection(SolutionConfigurationPlatforms) = preSolution
		Debug|Any CPU = Debug|Any CPU
		Release|Any CPU = Release|Any CPU
	EndGlobalSection
	GlobalSection(ProjectConfigurationPlatforms) = postSolution
		{6EBCD670-04E4-4A7D-A75F-95A12CEDB323}.Debug|Any CPU.ActiveCfg = Debug|Any CPU
		{6EBCD670-04E4-4A7D-A75F-95A12CEDB323}.Debug|Any CPU.Build.0 = Debug|Any CPU
		{6EBCD670-04E4-4A7D-A75F-95A12CEDB323}.Release|Any CPU.ActiveCfg = Release|Any CPU
		{6EBCD670-04E4-4A7D-A75F-95A12CEDB323}.Release|Any CPU.Build.0 = Release|Any CPU
		{135D9CCE-1066-4514-A669-1353B8E4D632}.Debug|Any CPU.ActiveCfg = Debug|Any CPU
		{135D9CCE-1066-4514-A669-1353B8E4D632}.Debug|Any CPU.Build.0 = Debug|Any CPU
		{135D9CCE-1066-4514-A669-1353B8E4D632}.Release|Any CPU.ActiveCfg = Release|Any CPU
		{135D9CCE-1066-4514-A669-1353B8E4D632}.Release|Any CPU.Build.0 = Release|Any CPU
	EndGlobalSection
	GlobalSection(SolutionProperties) = preSolution
		HideSolutionNode = FALSE
	EndGlobalSection
EndGlobal
